
Microsoft Visual Studio Solution File, Format Version 11.00
# Visual C++ Express 2010
Project("{8BC9CEB8-8B4A-11D0-8D11-00A0C91BC942}") = "Hill 암호(복호화)", "Hill 암호(복호화)\Hill 암호(복호화).vcxproj", "{2EBCEAEC-6BB9-4B55-8E04-BA8101902651}"
EndProject
Global
	GlobalSection(SolutionConfigurationPlatforms) = preSolution
		Debug|Win32 = Debug|Win32
		Release|Win32 = Release|Win32
	EndGlobalSection
	GlobalSection(ProjectConfigurationPlatforms) = postSolution
		{2EBCEAEC-6BB9-4B55-8E04-BA8101902651}.Debug|Win32.ActiveCfg = Debug|Win32
		{2EBCEAEC-6BB9-4B55-8E04-BA8101902651}.Debug|Win32.Build.0 = Debug|Win32
		{2EBCEAEC-6BB9-4B55-8E04-BA8101902651}.Release|Win32.ActiveCfg = Release|Win32
		{2EBCEAEC-6BB9-4B55-8E04-BA8101902651}.Release|Win32.Build.0 = Release|Win32
	EndGlobalSection
	GlobalSection(SolutionProperties) = preSolution
		HideSolutionNode = FALSE
	EndGlobalSection
EndGlobal
