
Microsoft Visual Studio Solution File, Format Version 12.00
# Visual Studio 2012
Project("{8BC9CEB8-8B4A-11D0-8D11-00A0C91BC942}") = "CreateProcess", "CreateProcess\CreateProcess.vcxproj", "{D6B00FF5-A38F-4658-9870-4CADA3A938D9}"
EndProject
Global
	GlobalSection(SolutionConfigurationPlatforms) = preSolution
		Debug|Win32 = Debug|Win32
		Release|Win32 = Release|Win32
	EndGlobalSection
	GlobalSection(ProjectConfigurationPlatforms) = postSolution
		{D6B00FF5-A38F-4658-9870-4CADA3A938D9}.Debug|Win32.ActiveCfg = Debug|Win32
		{D6B00FF5-A38F-4658-9870-4CADA3A938D9}.Debug|Win32.Build.0 = Debug|Win32
		{D6B00FF5-A38F-4658-9870-4CADA3A938D9}.Release|Win32.ActiveCfg = Release|Win32
		{D6B00FF5-A38F-4658-9870-4CADA3A938D9}.Release|Win32.Build.0 = Release|Win32
	EndGlobalSection
	GlobalSection(SolutionProperties) = preSolution
		HideSolutionNode = FALSE
	EndGlobalSection
EndGlobal
